
Microsoft Visual Studio Solution File, Format Version 12.00
# Visual Studio Version 17
VisualStudioVersion = 17.11.35312.102
MinimumVisualStudioVersion = 10.0.40219.1
Project("{F14B399A-7131-4C87-9E4B-1186C45EF12D}") = "Examination System Reports", "Examination System Reports\Examination System Reports.rptproj", "{2761D95F-6B60-4D76-A4C5-034D23B4FF25}"
EndProject
Global
	GlobalSection(SolutionConfigurationPlatforms) = preSolution
		Debug|Default = Debug|Default
		DebugLocal|Default = DebugLocal|Default
		Release|Default = Release|Default
	EndGlobalSection
	GlobalSection(ProjectConfigurationPlatforms) = postSolution
		{2761D95F-6B60-4D76-A4C5-034D23B4FF25}.Debug|Default.ActiveCfg = Debug
		{2761D95F-6B60-4D76-A4C5-034D23B4FF25}.Debug|Default.Build.0 = Debug
		{2761D95F-6B60-4D76-A4C5-034D23B4FF25}.Debug|Default.Deploy.0 = Debug
		{2761D95F-6B60-4D76-A4C5-034D23B4FF25}.DebugLocal|Default.ActiveCfg = DebugLocal
		{2761D95F-6B60-4D76-A4C5-034D23B4FF25}.DebugLocal|Default.Build.0 = DebugLocal
		{2761D95F-6B60-4D76-A4C5-034D23B4FF25}.Release|Default.ActiveCfg = Release
		{2761D95F-6B60-4D76-A4C5-034D23B4FF25}.Release|Default.Build.0 = Release
		{2761D95F-6B60-4D76-A4C5-034D23B4FF25}.Release|Default.Deploy.0 = Release
	EndGlobalSection
	GlobalSection(SolutionProperties) = preSolution
		HideSolutionNode = FALSE
	EndGlobalSection
	GlobalSection(ExtensibilityGlobals) = postSolution
		SolutionGuid = {B9D5EF4B-3C16-4417-B1CA-3391FA0E09D6}
	EndGlobalSection
EndGlobal
